
Microsoft Visual Studio Solution File, Format Version 12.00
# Visual Studio Version 16
VisualStudioVersion = 16.0.28803.202
MinimumVisualStudioVersion = 10.0.40219.1
Project("{9A19103F-16F7-4668-BE54-9A1E7A4F7556}") = "Pharmacist.Core", "Pharmacist.Core\Pharmacist.Core.csproj", "{1C0EC69F-FF82-4C25-8A23-8EF319A3EAD4}"
EndProject
Project("{9A19103F-16F7-4668-BE54-9A1E7A4F7556}") = "Pharmacist.Console", "Pharmacist.Console\Pharmacist.Console.csproj", "{4D94D3F8-C3D2-43A5-A8F2-363500939E09}"
EndProject
Project("{9A19103F-16F7-4668-BE54-9A1E7A4F7556}") = "Pharmacist.Tests", "Pharmacist.Tests\Pharmacist.Tests.csproj", "{1FB6434B-7985-488F-8005-6DA328D7365E}"
EndProject
Project("{9A19103F-16F7-4668-BE54-9A1E7A4F7556}") = "Pharmacist.Benchmarks", "Pharmacist.Benchmarks\Pharmacist.Benchmarks.csproj", "{8F1CB543-E9D4-447D-83A9-9331A83C6468}"
EndProject
Project("{2150E333-8FDC-42A3-9474-1A3956D46DE8}") = "Solution Items", "Solution Items", "{FE693C5D-685A-4BE2-B3C8-5F53C18AD389}"
	ProjectSection(SolutionItems) = preProject
		..\.editorconfig = ..\.editorconfig
		analyzers.ruleset = analyzers.ruleset
		analyzers.tests.ruleset = analyzers.tests.ruleset
		Directory.build.props = Directory.build.props
		Directory.build.targets = Directory.build.targets
		global.json = global.json
		stylecop.json = stylecop.json
	EndProjectSection
EndProject
Project("{9A19103F-16F7-4668-BE54-9A1E7A4F7556}") = "Pharmacist.IntegrationTest", "Pharmacist.IntegrationTest\Pharmacist.IntegrationTest.csproj", "{57BD0D2F-A8E3-4854-BD76-3570E7C56154}"
EndProject
Project("{9A19103F-16F7-4668-BE54-9A1E7A4F7556}") = "Pharmacist.MsBuildTask", "Pharmacist.MsBuildTask\Pharmacist.MsBuildTask.csproj", "{2714A571-3FA9-4F27-9E62-EB722A00AC53}"
EndProject
Project("{FAE04EC0-301F-11D3-BF4B-00C04F79EFBC}") = "Pharmacist.Common", "Pharmacist.Common\Pharmacist.Common.csproj", "{C7C48470-B72E-454B-BB53-E48BB6F7DAD7}"
EndProject
Global
	GlobalSection(SolutionConfigurationPlatforms) = preSolution
		Debug|Any CPU = Debug|Any CPU
		Release|Any CPU = Release|Any CPU
	EndGlobalSection
	GlobalSection(ProjectConfigurationPlatforms) = postSolution
		{1C0EC69F-FF82-4C25-8A23-8EF319A3EAD4}.Debug|Any CPU.ActiveCfg = Debug|Any CPU
		{1C0EC69F-FF82-4C25-8A23-8EF319A3EAD4}.Debug|Any CPU.Build.0 = Debug|Any CPU
		{1C0EC69F-FF82-4C25-8A23-8EF319A3EAD4}.Release|Any CPU.ActiveCfg = Release|Any CPU
		{1C0EC69F-FF82-4C25-8A23-8EF319A3EAD4}.Release|Any CPU.Build.0 = Release|Any CPU
		{4D94D3F8-C3D2-43A5-A8F2-363500939E09}.Debug|Any CPU.ActiveCfg = Debug|Any CPU
		{4D94D3F8-C3D2-43A5-A8F2-363500939E09}.Debug|Any CPU.Build.0 = Debug|Any CPU
		{4D94D3F8-C3D2-43A5-A8F2-363500939E09}.Release|Any CPU.ActiveCfg = Release|Any CPU
		{4D94D3F8-C3D2-43A5-A8F2-363500939E09}.Release|Any CPU.Build.0 = Release|Any CPU
		{1FB6434B-7985-488F-8005-6DA328D7365E}.Debug|Any CPU.ActiveCfg = Debug|Any CPU
		{1FB6434B-7985-488F-8005-6DA328D7365E}.Debug|Any CPU.Build.0 = Debug|Any CPU
		{1FB6434B-7985-488F-8005-6DA328D7365E}.Release|Any CPU.ActiveCfg = Release|Any CPU
		{1FB6434B-7985-488F-8005-6DA328D7365E}.Release|Any CPU.Build.0 = Release|Any CPU
		{8F1CB543-E9D4-447D-83A9-9331A83C6468}.Debug|Any CPU.ActiveCfg = Debug|Any CPU
		{8F1CB543-E9D4-447D-83A9-9331A83C6468}.Debug|Any CPU.Build.0 = Debug|Any CPU
		{8F1CB543-E9D4-447D-83A9-9331A83C6468}.Release|Any CPU.ActiveCfg = Release|Any CPU
		{8F1CB543-E9D4-447D-83A9-9331A83C6468}.Release|Any CPU.Build.0 = Release|Any CPU
		{57BD0D2F-A8E3-4854-BD76-3570E7C56154}.Debug|Any CPU.ActiveCfg = Debug|Any CPU
		{57BD0D2F-A8E3-4854-BD76-3570E7C56154}.Debug|Any CPU.Build.0 = Debug|Any CPU
		{57BD0D2F-A8E3-4854-BD76-3570E7C56154}.Release|Any CPU.ActiveCfg = Release|Any CPU
		{57BD0D2F-A8E3-4854-BD76-3570E7C56154}.Release|Any CPU.Build.0 = Release|Any CPU
		{2714A571-3FA9-4F27-9E62-EB722A00AC53}.Debug|Any CPU.ActiveCfg = Debug|Any CPU
		{2714A571-3FA9-4F27-9E62-EB722A00AC53}.Debug|Any CPU.Build.0 = Debug|Any CPU
		{2714A571-3FA9-4F27-9E62-EB722A00AC53}.Release|Any CPU.ActiveCfg = Release|Any CPU
		{2714A571-3FA9-4F27-9E62-EB722A00AC53}.Release|Any CPU.Build.0 = Release|Any CPU
		{C7C48470-B72E-454B-BB53-E48BB6F7DAD7}.Debug|Any CPU.ActiveCfg = Debug|Any CPU
		{C7C48470-B72E-454B-BB53-E48BB6F7DAD7}.Debug|Any CPU.Build.0 = Debug|Any CPU
		{C7C48470-B72E-454B-BB53-E48BB6F7DAD7}.Release|Any CPU.ActiveCfg = Release|Any CPU
		{C7C48470-B72E-454B-BB53-E48BB6F7DAD7}.Release|Any CPU.Build.0 = Release|Any CPU
	EndGlobalSection
	GlobalSection(SolutionProperties) = preSolution
		HideSolutionNode = FALSE
	EndGlobalSection
	GlobalSection(ExtensibilityGlobals) = postSolution
		SolutionGuid = {8AD09057-1163-45D2-A260-CB034E6DFD07}
	EndGlobalSection
EndGlobal
